
Microsoft Visual Studio Solution File, Format Version 12.00
# Visual Studio Version 16
VisualStudioVersion = 16.0.31129.286
MinimumVisualStudioVersion = 10.0.40219.1
Project("{FAE04EC0-301F-11D3-BF4B-00C04F79EFBC}") = "A Start Visualization", "Visual\A Start Visualization.csproj", "{E50D5015-DBCF-49B7-8042-DE86768D64F3}"
EndProject
Global
	GlobalSection(SolutionConfigurationPlatforms) = preSolution
		Debug|Any CPU = Debug|Any CPU
		Release|Any CPU = Release|Any CPU
	EndGlobalSection
	GlobalSection(ProjectConfigurationPlatforms) = postSolution
		{E50D5015-DBCF-49B7-8042-DE86768D64F3}.Debug|Any CPU.ActiveCfg = Debug|Any CPU
		{E50D5015-DBCF-49B7-8042-DE86768D64F3}.Debug|Any CPU.Build.0 = Debug|Any CPU
		{E50D5015-DBCF-49B7-8042-DE86768D64F3}.Release|Any CPU.ActiveCfg = Release|Any CPU
		{E50D5015-DBCF-49B7-8042-DE86768D64F3}.Release|Any CPU.Build.0 = Release|Any CPU
	EndGlobalSection
	GlobalSection(SolutionProperties) = preSolution
		HideSolutionNode = FALSE
	EndGlobalSection
	GlobalSection(ExtensibilityGlobals) = postSolution
		SolutionGuid = {856574B6-06F0-47F4-93C4-EDE035064681}
	EndGlobalSection
EndGlobal
